
Microsoft Visual Studio Solution File, Format Version 12.00
# Visual Studio Version 16
VisualStudioVersion = 16.0.29230.47
MinimumVisualStudioVersion = 10.0.40219.1
Project("{8BC9CEB8-8B4A-11D0-8D11-00A0C91BC942}") = "day01", "day1\day1.vcxproj", "{3B99F09F-4A6D-4ECA-BD02-CF66D38F5ECD}"
EndProject
Project("{8BC9CEB8-8B4A-11D0-8D11-00A0C91BC942}") = "day02", "day2\day2.vcxproj", "{7BAF31DA-3DA3-4ECA-997E-311B7C186269}"
EndProject
Project("{8BC9CEB8-8B4A-11D0-8D11-00A0C91BC942}") = "day03", "day3\day3.vcxproj", "{9FEC51A9-A8F0-4243-9CE9-8B90CB147A0A}"
EndProject
Project("{8BC9CEB8-8B4A-11D0-8D11-00A0C91BC942}") = "day04", "day4\day4.vcxproj", "{8AA5E334-CCFB-4E97-94F1-4CA6A5B8EB40}"
EndProject
Project("{8BC9CEB8-8B4A-11D0-8D11-00A0C91BC942}") = "day05", "day5\day5.vcxproj", "{31230818-263C-4648-8D0E-49F482E54C70}"
EndProject
Project("{8BC9CEB8-8B4A-11D0-8D11-00A0C91BC942}") = "day06", "day6\day6.vcxproj", "{ABA0B510-3581-4B91-A754-5D1F1AD64538}"
EndProject
Project("{8BC9CEB8-8B4A-11D0-8D11-00A0C91BC942}") = "day07", "day7\day7.vcxproj", "{75442F0F-EBAD-4FED-B672-67A89FC2D496}"
EndProject
Project("{8BC9CEB8-8B4A-11D0-8D11-00A0C91BC942}") = "day08", "day8\day8.vcxproj", "{437218D9-6783-46B8-8627-B8FE85E2C596}"
EndProject
Project("{8BC9CEB8-8B4A-11D0-8D11-00A0C91BC942}") = "day09", "day9\day9.vcxproj", "{622031CC-DCE1-49E2-8A61-D6D9695FBE9F}"
EndProject
Project("{8BC9CEB8-8B4A-11D0-8D11-00A0C91BC942}") = "day10", "day10\day10.vcxproj", "{24DB3AF2-B7D2-4074-8082-C5CC1C99A33C}"
EndProject
Global
	GlobalSection(SolutionConfigurationPlatforms) = preSolution
		Debug|x64 = Debug|x64
		Debug|x86 = Debug|x86
		Release|x64 = Release|x64
		Release|x86 = Release|x86
	EndGlobalSection
	GlobalSection(ProjectConfigurationPlatforms) = postSolution
		{3B99F09F-4A6D-4ECA-BD02-CF66D38F5ECD}.Debug|x64.ActiveCfg = Debug|x64
		{3B99F09F-4A6D-4ECA-BD02-CF66D38F5ECD}.Debug|x64.Build.0 = Debug|x64
		{3B99F09F-4A6D-4ECA-BD02-CF66D38F5ECD}.Debug|x86.ActiveCfg = Debug|Win32
		{3B99F09F-4A6D-4ECA-BD02-CF66D38F5ECD}.Debug|x86.Build.0 = Debug|Win32
		{3B99F09F-4A6D-4ECA-BD02-CF66D38F5ECD}.Release|x64.ActiveCfg = Release|x64
		{3B99F09F-4A6D-4ECA-BD02-CF66D38F5ECD}.Release|x64.Build.0 = Release|x64
		{3B99F09F-4A6D-4ECA-BD02-CF66D38F5ECD}.Release|x86.ActiveCfg = Release|Win32
		{3B99F09F-4A6D-4ECA-BD02-CF66D38F5ECD}.Release|x86.Build.0 = Release|Win32
		{7BAF31DA-3DA3-4ECA-997E-311B7C186269}.Debug|x64.ActiveCfg = Debug|x64
		{7BAF31DA-3DA3-4ECA-997E-311B7C186269}.Debug|x64.Build.0 = Debug|x64
		{7BAF31DA-3DA3-4ECA-997E-311B7C186269}.Debug|x86.ActiveCfg = Debug|Win32
		{7BAF31DA-3DA3-4ECA-997E-311B7C186269}.Debug|x86.Build.0 = Debug|Win32
		{7BAF31DA-3DA3-4ECA-997E-311B7C186269}.Release|x64.ActiveCfg = Release|x64
		{7BAF31DA-3DA3-4ECA-997E-311B7C186269}.Release|x64.Build.0 = Release|x64
		{7BAF31DA-3DA3-4ECA-997E-311B7C186269}.Release|x86.ActiveCfg = Release|Win32
		{7BAF31DA-3DA3-4ECA-997E-311B7C186269}.Release|x86.Build.0 = Release|Win32
		{9FEC51A9-A8F0-4243-9CE9-8B90CB147A0A}.Debug|x64.ActiveCfg = Debug|x64
		{9FEC51A9-A8F0-4243-9CE9-8B90CB147A0A}.Debug|x64.Build.0 = Debug|x64
		{9FEC51A9-A8F0-4243-9CE9-8B90CB147A0A}.Debug|x86.ActiveCfg = Debug|Win32
		{9FEC51A9-A8F0-4243-9CE9-8B90CB147A0A}.Debug|x86.Build.0 = Debug|Win32
		{9FEC51A9-A8F0-4243-9CE9-8B90CB147A0A}.Release|x64.ActiveCfg = Release|x64
		{9FEC51A9-A8F0-4243-9CE9-8B90CB147A0A}.Release|x64.Build.0 = Release|x64
		{9FEC51A9-A8F0-4243-9CE9-8B90CB147A0A}.Release|x86.ActiveCfg = Release|Win32
		{9FEC51A9-A8F0-4243-9CE9-8B90CB147A0A}.Release|x86.Build.0 = Release|Win32
		{8AA5E334-CCFB-4E97-94F1-4CA6A5B8EB40}.Debug|x64.ActiveCfg = Debug|x64
		{8AA5E334-CCFB-4E97-94F1-4CA6A5B8EB40}.Debug|x64.Build.0 = Debug|x64
		{8AA5E334-CCFB-4E97-94F1-4CA6A5B8EB40}.Debug|x86.ActiveCfg = Debug|Win32
		{8AA5E334-CCFB-4E97-94F1-4CA6A5B8EB40}.Debug|x86.Build.0 = Debug|Win32
		{8AA5E334-CCFB-4E97-94F1-4CA6A5B8EB40}.Release|x64.ActiveCfg = Release|x64
		{8AA5E334-CCFB-4E97-94F1-4CA6A5B8EB40}.Release|x64.Build.0 = Release|x64
		{8AA5E334-CCFB-4E97-94F1-4CA6A5B8EB40}.Release|x86.ActiveCfg = Release|Win32
		{8AA5E334-CCFB-4E97-94F1-4CA6A5B8EB40}.Release|x86.Build.0 = Release|Win32
		{31230818-263C-4648-8D0E-49F482E54C70}.Debug|x64.ActiveCfg = Debug|x64
		{31230818-263C-4648-8D0E-49F482E54C70}.Debug|x64.Build.0 = Debug|x64
		{31230818-263C-4648-8D0E-49F482E54C70}.Debug|x86.ActiveCfg = Debug|Win32
		{31230818-263C-4648-8D0E-49F482E54C70}.Debug|x86.Build.0 = Debug|Win32
		{31230818-263C-4648-8D0E-49F482E54C70}.Release|x64.ActiveCfg = Release|x64
		{31230818-263C-4648-8D0E-49F482E54C70}.Release|x64.Build.0 = Release|x64
		{31230818-263C-4648-8D0E-49F482E54C70}.Release|x86.ActiveCfg = Release|Win32
		{31230818-263C-4648-8D0E-49F482E54C70}.Release|x86.Build.0 = Release|Win32
		{ABA0B510-3581-4B91-A754-5D1F1AD64538}.Debug|x64.ActiveCfg = Debug|x64
		{ABA0B510-3581-4B91-A754-5D1F1AD64538}.Debug|x64.Build.0 = Debug|x64
		{ABA0B510-3581-4B91-A754-5D1F1AD64538}.Debug|x86.ActiveCfg = Debug|Win32
		{ABA0B510-3581-4B91-A754-5D1F1AD64538}.Debug|x86.Build.0 = Debug|Win32
		{ABA0B510-3581-4B91-A754-5D1F1AD64538}.Release|x64.ActiveCfg = Release|x64
		{ABA0B510-3581-4B91-A754-5D1F1AD64538}.Release|x64.Build.0 = Release|x64
		{ABA0B510-3581-4B91-A754-5D1F1AD64538}.Release|x86.ActiveCfg = Release|Win32
		{ABA0B510-3581-4B91-A754-5D1F1AD64538}.Release|x86.Build.0 = Release|Win32
		{75442F0F-EBAD-4FED-B672-67A89FC2D496}.Debug|x64.ActiveCfg = Debug|x64
		{75442F0F-EBAD-4FED-B672-67A89FC2D496}.Debug|x64.Build.0 = Debug|x64
		{75442F0F-EBAD-4FED-B672-67A89FC2D496}.Debug|x86.ActiveCfg = Debug|Win32
		{75442F0F-EBAD-4FED-B672-67A89FC2D496}.Debug|x86.Build.0 = Debug|Win32
		{75442F0F-EBAD-4FED-B672-67A89FC2D496}.Release|x64.ActiveCfg = Release|x64
		{75442F0F-EBAD-4FED-B672-67A89FC2D496}.Release|x64.Build.0 = Release|x64
		{75442F0F-EBAD-4FED-B672-67A89FC2D496}.Release|x86.ActiveCfg = Release|Win32
		{75442F0F-EBAD-4FED-B672-67A89FC2D496}.Release|x86.Build.0 = Release|Win32
		{437218D9-6783-46B8-8627-B8FE85E2C596}.Debug|x64.ActiveCfg = Debug|x64
		{437218D9-6783-46B8-8627-B8FE85E2C596}.Debug|x64.Build.0 = Debug|x64
		{437218D9-6783-46B8-8627-B8FE85E2C596}.Debug|x86.ActiveCfg = Debug|Win32
		{437218D9-6783-46B8-8627-B8FE85E2C596}.Debug|x86.Build.0 = Debug|Win32
		{437218D9-6783-46B8-8627-B8FE85E2C596}.Release|x64.ActiveCfg = Release|x64
		{437218D9-6783-46B8-8627-B8FE85E2C596}.Release|x64.Build.0 = Release|x64
		{437218D9-6783-46B8-8627-B8FE85E2C596}.Release|x86.ActiveCfg = Release|Win32
		{437218D9-6783-46B8-8627-B8FE85E2C596}.Release|x86.Build.0 = Release|Win32
		{622031CC-DCE1-49E2-8A61-D6D9695FBE9F}.Debug|x64.ActiveCfg = Debug|x64
		{622031CC-DCE1-49E2-8A61-D6D9695FBE9F}.Debug|x64.Build.0 = Debug|x64
		{622031CC-DCE1-49E2-8A61-D6D9695FBE9F}.Debug|x86.ActiveCfg = Debug|Win32
		{622031CC-DCE1-49E2-8A61-D6D9695FBE9F}.Debug|x86.Build.0 = Debug|Win32
		{622031CC-DCE1-49E2-8A61-D6D9695FBE9F}.Release|x64.ActiveCfg = Release|x64
		{622031CC-DCE1-49E2-8A61-D6D9695FBE9F}.Release|x64.Build.0 = Release|x64
		{622031CC-DCE1-49E2-8A61-D6D9695FBE9F}.Release|x86.ActiveCfg = Release|Win32
		{622031CC-DCE1-49E2-8A61-D6D9695FBE9F}.Release|x86.Build.0 = Release|Win32
		{24DB3AF2-B7D2-4074-8082-C5CC1C99A33C}.Debug|x64.ActiveCfg = Debug|x64
		{24DB3AF2-B7D2-4074-8082-C5CC1C99A33C}.Debug|x64.Build.0 = Debug|x64
		{24DB3AF2-B7D2-4074-8082-C5CC1C99A33C}.Debug|x86.ActiveCfg = Debug|Win32
		{24DB3AF2-B7D2-4074-8082-C5CC1C99A33C}.Debug|x86.Build.0 = Debug|Win32
		{24DB3AF2-B7D2-4074-8082-C5CC1C99A33C}.Release|x64.ActiveCfg = Release|x64
		{24DB3AF2-B7D2-4074-8082-C5CC1C99A33C}.Release|x64.Build.0 = Release|x64
		{24DB3AF2-B7D2-4074-8082-C5CC1C99A33C}.Release|x86.ActiveCfg = Release|Win32
		{24DB3AF2-B7D2-4074-8082-C5CC1C99A33C}.Release|x86.Build.0 = Release|Win32
	EndGlobalSection
	GlobalSection(SolutionProperties) = preSolution
		HideSolutionNode = FALSE
	EndGlobalSection
	GlobalSection(ExtensibilityGlobals) = postSolution
		SolutionGuid = {9D88D9AA-7DBE-4322-ADF1-B3B259AB8F75}
	EndGlobalSection
EndGlobal
