
Microsoft Visual Studio Solution File, Format Version 12.00
# Visual Studio Version 16
VisualStudioVersion = 16.0.29230.47
MinimumVisualStudioVersion = 10.0.40219.1
Project("{8BC9CEB8-8B4A-11D0-8D11-00A0C91BC942}") = "aoc23-day1", "aoc23-day1\aoc23-day1.vcxproj", "{3669FBFF-FCCD-44B1-880E-0CFE691E79FA}"
EndProject
Project("{8BC9CEB8-8B4A-11D0-8D11-00A0C91BC942}") = "day2", "day2\day2.vcxproj", "{B7791CF5-6099-411A-A345-E593B7CD1376}"
EndProject
Project("{8BC9CEB8-8B4A-11D0-8D11-00A0C91BC942}") = "day3", "day3\day3.vcxproj", "{A8DBD309-5B60-4BCE-AA6B-54071EB3FCEB}"
EndProject
Project("{8BC9CEB8-8B4A-11D0-8D11-00A0C91BC942}") = "day4", "day4\day4.vcxproj", "{C684EA9E-F0D0-46B0-B628-D90C406A8C24}"
EndProject
Project("{8BC9CEB8-8B4A-11D0-8D11-00A0C91BC942}") = "day5", "day5\day5.vcxproj", "{DA33CC96-DA81-4B8A-92F8-A9879517990E}"
EndProject
Project("{8BC9CEB8-8B4A-11D0-8D11-00A0C91BC942}") = "day6", "day6\day6.vcxproj", "{F23EE1A4-CA29-4CE2-88AB-EE8418AAA1D3}"
EndProject
Project("{8BC9CEB8-8B4A-11D0-8D11-00A0C91BC942}") = "day7", "day7\day7.vcxproj", "{55B84962-72CB-4400-A64A-A33218FA5C95}"
EndProject
Project("{8BC9CEB8-8B4A-11D0-8D11-00A0C91BC942}") = "day7-2", "day7-2\day7-2.vcxproj", "{E4611014-F604-466A-8CC5-EE4A94D9D616}"
EndProject
Project("{8BC9CEB8-8B4A-11D0-8D11-00A0C91BC942}") = "day8", "day8\day8.vcxproj", "{7FD32D83-EE78-4191-B940-53E70299B0A7}"
EndProject
Project("{8BC9CEB8-8B4A-11D0-8D11-00A0C91BC942}") = "day8-2", "day8-2\day8-2.vcxproj", "{D3D121D9-F202-4CFA-B597-DD0FDFC1A312}"
EndProject
Project("{8BC9CEB8-8B4A-11D0-8D11-00A0C91BC942}") = "day9", "day9\day9.vcxproj", "{FE04A4A3-751A-473F-9BB3-02682047F4B6}"
EndProject
Project("{8BC9CEB8-8B4A-11D0-8D11-00A0C91BC942}") = "day10", "day10\day10.vcxproj", "{286C6937-4223-4428-9C57-2A3DFF37F839}"
EndProject
Project("{8BC9CEB8-8B4A-11D0-8D11-00A0C91BC942}") = "day11", "day11\day11.vcxproj", "{0A460568-4AC9-46C7-AC5A-13658A7CCB7E}"
EndProject
Project("{8BC9CEB8-8B4A-11D0-8D11-00A0C91BC942}") = "day12", "day12\day12.vcxproj", "{42352287-B4EA-440D-A4A2-265C85A11B5F}"
EndProject
Global
	GlobalSection(SolutionConfigurationPlatforms) = preSolution
		Debug|x64 = Debug|x64
		Debug|x86 = Debug|x86
		Release|x64 = Release|x64
		Release|x86 = Release|x86
	EndGlobalSection
	GlobalSection(ProjectConfigurationPlatforms) = postSolution
		{3669FBFF-FCCD-44B1-880E-0CFE691E79FA}.Debug|x64.ActiveCfg = Debug|x64
		{3669FBFF-FCCD-44B1-880E-0CFE691E79FA}.Debug|x64.Build.0 = Debug|x64
		{3669FBFF-FCCD-44B1-880E-0CFE691E79FA}.Debug|x86.ActiveCfg = Debug|Win32
		{3669FBFF-FCCD-44B1-880E-0CFE691E79FA}.Debug|x86.Build.0 = Debug|Win32
		{3669FBFF-FCCD-44B1-880E-0CFE691E79FA}.Release|x64.ActiveCfg = Release|x64
		{3669FBFF-FCCD-44B1-880E-0CFE691E79FA}.Release|x64.Build.0 = Release|x64
		{3669FBFF-FCCD-44B1-880E-0CFE691E79FA}.Release|x86.ActiveCfg = Release|Win32
		{3669FBFF-FCCD-44B1-880E-0CFE691E79FA}.Release|x86.Build.0 = Release|Win32
		{B7791CF5-6099-411A-A345-E593B7CD1376}.Debug|x64.ActiveCfg = Debug|x64
		{B7791CF5-6099-411A-A345-E593B7CD1376}.Debug|x64.Build.0 = Debug|x64
		{B7791CF5-6099-411A-A345-E593B7CD1376}.Debug|x86.ActiveCfg = Debug|Win32
		{B7791CF5-6099-411A-A345-E593B7CD1376}.Debug|x86.Build.0 = Debug|Win32
		{B7791CF5-6099-411A-A345-E593B7CD1376}.Release|x64.ActiveCfg = Release|x64
		{B7791CF5-6099-411A-A345-E593B7CD1376}.Release|x64.Build.0 = Release|x64
		{B7791CF5-6099-411A-A345-E593B7CD1376}.Release|x86.ActiveCfg = Release|Win32
		{B7791CF5-6099-411A-A345-E593B7CD1376}.Release|x86.Build.0 = Release|Win32
		{A8DBD309-5B60-4BCE-AA6B-54071EB3FCEB}.Debug|x64.ActiveCfg = Debug|x64
		{A8DBD309-5B60-4BCE-AA6B-54071EB3FCEB}.Debug|x64.Build.0 = Debug|x64
		{A8DBD309-5B60-4BCE-AA6B-54071EB3FCEB}.Debug|x86.ActiveCfg = Debug|Win32
		{A8DBD309-5B60-4BCE-AA6B-54071EB3FCEB}.Debug|x86.Build.0 = Debug|Win32
		{A8DBD309-5B60-4BCE-AA6B-54071EB3FCEB}.Release|x64.ActiveCfg = Release|x64
		{A8DBD309-5B60-4BCE-AA6B-54071EB3FCEB}.Release|x64.Build.0 = Release|x64
		{A8DBD309-5B60-4BCE-AA6B-54071EB3FCEB}.Release|x86.ActiveCfg = Release|Win32
		{A8DBD309-5B60-4BCE-AA6B-54071EB3FCEB}.Release|x86.Build.0 = Release|Win32
		{C684EA9E-F0D0-46B0-B628-D90C406A8C24}.Debug|x64.ActiveCfg = Debug|x64
		{C684EA9E-F0D0-46B0-B628-D90C406A8C24}.Debug|x64.Build.0 = Debug|x64
		{C684EA9E-F0D0-46B0-B628-D90C406A8C24}.Debug|x86.ActiveCfg = Debug|Win32
		{C684EA9E-F0D0-46B0-B628-D90C406A8C24}.Debug|x86.Build.0 = Debug|Win32
		{C684EA9E-F0D0-46B0-B628-D90C406A8C24}.Release|x64.ActiveCfg = Release|x64
		{C684EA9E-F0D0-46B0-B628-D90C406A8C24}.Release|x64.Build.0 = Release|x64
		{C684EA9E-F0D0-46B0-B628-D90C406A8C24}.Release|x86.ActiveCfg = Release|Win32
		{C684EA9E-F0D0-46B0-B628-D90C406A8C24}.Release|x86.Build.0 = Release|Win32
		{DA33CC96-DA81-4B8A-92F8-A9879517990E}.Debug|x64.ActiveCfg = Debug|x64
		{DA33CC96-DA81-4B8A-92F8-A9879517990E}.Debug|x64.Build.0 = Debug|x64
		{DA33CC96-DA81-4B8A-92F8-A9879517990E}.Debug|x86.ActiveCfg = Debug|Win32
		{DA33CC96-DA81-4B8A-92F8-A9879517990E}.Debug|x86.Build.0 = Debug|Win32
		{DA33CC96-DA81-4B8A-92F8-A9879517990E}.Release|x64.ActiveCfg = Release|x64
		{DA33CC96-DA81-4B8A-92F8-A9879517990E}.Release|x64.Build.0 = Release|x64
		{DA33CC96-DA81-4B8A-92F8-A9879517990E}.Release|x86.ActiveCfg = Release|Win32
		{DA33CC96-DA81-4B8A-92F8-A9879517990E}.Release|x86.Build.0 = Release|Win32
		{F23EE1A4-CA29-4CE2-88AB-EE8418AAA1D3}.Debug|x64.ActiveCfg = Debug|x64
		{F23EE1A4-CA29-4CE2-88AB-EE8418AAA1D3}.Debug|x64.Build.0 = Debug|x64
		{F23EE1A4-CA29-4CE2-88AB-EE8418AAA1D3}.Debug|x86.ActiveCfg = Debug|Win32
		{F23EE1A4-CA29-4CE2-88AB-EE8418AAA1D3}.Debug|x86.Build.0 = Debug|Win32
		{F23EE1A4-CA29-4CE2-88AB-EE8418AAA1D3}.Release|x64.ActiveCfg = Release|x64
		{F23EE1A4-CA29-4CE2-88AB-EE8418AAA1D3}.Release|x64.Build.0 = Release|x64
		{F23EE1A4-CA29-4CE2-88AB-EE8418AAA1D3}.Release|x86.ActiveCfg = Release|Win32
		{F23EE1A4-CA29-4CE2-88AB-EE8418AAA1D3}.Release|x86.Build.0 = Release|Win32
		{55B84962-72CB-4400-A64A-A33218FA5C95}.Debug|x64.ActiveCfg = Debug|x64
		{55B84962-72CB-4400-A64A-A33218FA5C95}.Debug|x64.Build.0 = Debug|x64
		{55B84962-72CB-4400-A64A-A33218FA5C95}.Debug|x86.ActiveCfg = Debug|Win32
		{55B84962-72CB-4400-A64A-A33218FA5C95}.Debug|x86.Build.0 = Debug|Win32
		{55B84962-72CB-4400-A64A-A33218FA5C95}.Release|x64.ActiveCfg = Release|x64
		{55B84962-72CB-4400-A64A-A33218FA5C95}.Release|x64.Build.0 = Release|x64
		{55B84962-72CB-4400-A64A-A33218FA5C95}.Release|x86.ActiveCfg = Release|Win32
		{55B84962-72CB-4400-A64A-A33218FA5C95}.Release|x86.Build.0 = Release|Win32
		{E4611014-F604-466A-8CC5-EE4A94D9D616}.Debug|x64.ActiveCfg = Debug|x64
		{E4611014-F604-466A-8CC5-EE4A94D9D616}.Debug|x64.Build.0 = Debug|x64
		{E4611014-F604-466A-8CC5-EE4A94D9D616}.Debug|x86.ActiveCfg = Debug|Win32
		{E4611014-F604-466A-8CC5-EE4A94D9D616}.Debug|x86.Build.0 = Debug|Win32
		{E4611014-F604-466A-8CC5-EE4A94D9D616}.Release|x64.ActiveCfg = Release|x64
		{E4611014-F604-466A-8CC5-EE4A94D9D616}.Release|x64.Build.0 = Release|x64
		{E4611014-F604-466A-8CC5-EE4A94D9D616}.Release|x86.ActiveCfg = Release|Win32
		{E4611014-F604-466A-8CC5-EE4A94D9D616}.Release|x86.Build.0 = Release|Win32
		{7FD32D83-EE78-4191-B940-53E70299B0A7}.Debug|x64.ActiveCfg = Debug|x64
		{7FD32D83-EE78-4191-B940-53E70299B0A7}.Debug|x64.Build.0 = Debug|x64
		{7FD32D83-EE78-4191-B940-53E70299B0A7}.Debug|x86.ActiveCfg = Debug|Win32
		{7FD32D83-EE78-4191-B940-53E70299B0A7}.Debug|x86.Build.0 = Debug|Win32
		{7FD32D83-EE78-4191-B940-53E70299B0A7}.Release|x64.ActiveCfg = Release|x64
		{7FD32D83-EE78-4191-B940-53E70299B0A7}.Release|x64.Build.0 = Release|x64
		{7FD32D83-EE78-4191-B940-53E70299B0A7}.Release|x86.ActiveCfg = Release|Win32
		{7FD32D83-EE78-4191-B940-53E70299B0A7}.Release|x86.Build.0 = Release|Win32
		{D3D121D9-F202-4CFA-B597-DD0FDFC1A312}.Debug|x64.ActiveCfg = Debug|x64
		{D3D121D9-F202-4CFA-B597-DD0FDFC1A312}.Debug|x64.Build.0 = Debug|x64
		{D3D121D9-F202-4CFA-B597-DD0FDFC1A312}.Debug|x86.ActiveCfg = Debug|Win32
		{D3D121D9-F202-4CFA-B597-DD0FDFC1A312}.Debug|x86.Build.0 = Debug|Win32
		{D3D121D9-F202-4CFA-B597-DD0FDFC1A312}.Release|x64.ActiveCfg = Release|x64
		{D3D121D9-F202-4CFA-B597-DD0FDFC1A312}.Release|x64.Build.0 = Release|x64
		{D3D121D9-F202-4CFA-B597-DD0FDFC1A312}.Release|x86.ActiveCfg = Release|Win32
		{D3D121D9-F202-4CFA-B597-DD0FDFC1A312}.Release|x86.Build.0 = Release|Win32
		{FE04A4A3-751A-473F-9BB3-02682047F4B6}.Debug|x64.ActiveCfg = Debug|x64
		{FE04A4A3-751A-473F-9BB3-02682047F4B6}.Debug|x64.Build.0 = Debug|x64
		{FE04A4A3-751A-473F-9BB3-02682047F4B6}.Debug|x86.ActiveCfg = Debug|Win32
		{FE04A4A3-751A-473F-9BB3-02682047F4B6}.Debug|x86.Build.0 = Debug|Win32
		{FE04A4A3-751A-473F-9BB3-02682047F4B6}.Release|x64.ActiveCfg = Release|x64
		{FE04A4A3-751A-473F-9BB3-02682047F4B6}.Release|x64.Build.0 = Release|x64
		{FE04A4A3-751A-473F-9BB3-02682047F4B6}.Release|x86.ActiveCfg = Release|Win32
		{FE04A4A3-751A-473F-9BB3-02682047F4B6}.Release|x86.Build.0 = Release|Win32
		{286C6937-4223-4428-9C57-2A3DFF37F839}.Debug|x64.ActiveCfg = Debug|x64
		{286C6937-4223-4428-9C57-2A3DFF37F839}.Debug|x64.Build.0 = Debug|x64
		{286C6937-4223-4428-9C57-2A3DFF37F839}.Debug|x86.ActiveCfg = Debug|Win32
		{286C6937-4223-4428-9C57-2A3DFF37F839}.Debug|x86.Build.0 = Debug|Win32
		{286C6937-4223-4428-9C57-2A3DFF37F839}.Release|x64.ActiveCfg = Release|x64
		{286C6937-4223-4428-9C57-2A3DFF37F839}.Release|x64.Build.0 = Release|x64
		{286C6937-4223-4428-9C57-2A3DFF37F839}.Release|x86.ActiveCfg = Release|Win32
		{286C6937-4223-4428-9C57-2A3DFF37F839}.Release|x86.Build.0 = Release|Win32
		{0A460568-4AC9-46C7-AC5A-13658A7CCB7E}.Debug|x64.ActiveCfg = Debug|x64
		{0A460568-4AC9-46C7-AC5A-13658A7CCB7E}.Debug|x64.Build.0 = Debug|x64
		{0A460568-4AC9-46C7-AC5A-13658A7CCB7E}.Debug|x86.ActiveCfg = Debug|Win32
		{0A460568-4AC9-46C7-AC5A-13658A7CCB7E}.Debug|x86.Build.0 = Debug|Win32
		{0A460568-4AC9-46C7-AC5A-13658A7CCB7E}.Release|x64.ActiveCfg = Release|x64
		{0A460568-4AC9-46C7-AC5A-13658A7CCB7E}.Release|x64.Build.0 = Release|x64
		{0A460568-4AC9-46C7-AC5A-13658A7CCB7E}.Release|x86.ActiveCfg = Release|Win32
		{0A460568-4AC9-46C7-AC5A-13658A7CCB7E}.Release|x86.Build.0 = Release|Win32
		{42352287-B4EA-440D-A4A2-265C85A11B5F}.Debug|x64.ActiveCfg = Debug|x64
		{42352287-B4EA-440D-A4A2-265C85A11B5F}.Debug|x64.Build.0 = Debug|x64
		{42352287-B4EA-440D-A4A2-265C85A11B5F}.Debug|x86.ActiveCfg = Debug|Win32
		{42352287-B4EA-440D-A4A2-265C85A11B5F}.Debug|x86.Build.0 = Debug|Win32
		{42352287-B4EA-440D-A4A2-265C85A11B5F}.Release|x64.ActiveCfg = Release|x64
		{42352287-B4EA-440D-A4A2-265C85A11B5F}.Release|x64.Build.0 = Release|x64
		{42352287-B4EA-440D-A4A2-265C85A11B5F}.Release|x86.ActiveCfg = Release|Win32
		{42352287-B4EA-440D-A4A2-265C85A11B5F}.Release|x86.Build.0 = Release|Win32
	EndGlobalSection
	GlobalSection(SolutionProperties) = preSolution
		HideSolutionNode = FALSE
	EndGlobalSection
	GlobalSection(ExtensibilityGlobals) = postSolution
		SolutionGuid = {9D88D9AA-7DBE-4322-ADF1-B3B259AB8F75}
	EndGlobalSection
EndGlobal
