
Microsoft Visual Studio Solution File, Format Version 12.00
# Visual Studio Version 16
VisualStudioVersion = 16.0.29230.47
MinimumVisualStudioVersion = 10.0.40219.1
Project("{8BC9CEB8-8B4A-11D0-8D11-00A0C91BC942}") = "day1-1", "..\day1-1\day1-1.vcxproj", "{242E819D-BEEF-421C-8FEB-BFB3ECF6C655}"
EndProject
Project("{8BC9CEB8-8B4A-11D0-8D11-00A0C91BC942}") = "day1-2", "..\day1-2\day1-2.vcxproj", "{8BAD2CB8-033A-4B3F-BDB7-CCE4509DF493}"
EndProject
Project("{8BC9CEB8-8B4A-11D0-8D11-00A0C91BC942}") = "day2-1", "..\day2-1\day2-1.vcxproj", "{D5EDAF2F-FC8E-4C95-81D0-3FC90379591D}"
EndProject
Project("{8BC9CEB8-8B4A-11D0-8D11-00A0C91BC942}") = "day2-2", "day2-2\day2-2.vcxproj", "{53690215-DE4C-411F-987D-3DF253E274C7}"
EndProject
Project("{8BC9CEB8-8B4A-11D0-8D11-00A0C91BC942}") = "day3-1", "day3-1\day3-1.vcxproj", "{6ABB321A-26DD-422F-A164-268AB42773FC}"
EndProject
Project("{8BC9CEB8-8B4A-11D0-8D11-00A0C91BC942}") = "day3-2", "day3-2\day3-2.vcxproj", "{57C057F3-F649-4CDB-B684-E6863252635C}"
EndProject
Project("{8BC9CEB8-8B4A-11D0-8D11-00A0C91BC942}") = "day4-1", "day4-1\day4-1.vcxproj", "{E0FAC91B-D5AC-456E-B2E8-7FEED4779FB9}"
EndProject
Project("{8BC9CEB8-8B4A-11D0-8D11-00A0C91BC942}") = "day4-2", "day4-2\day4-2.vcxproj", "{277E3A90-565D-4D1E-AE79-C56E1A638DA5}"
EndProject
Project("{8BC9CEB8-8B4A-11D0-8D11-00A0C91BC942}") = "day5-1", "day5-1\day5-1.vcxproj", "{400D3D61-89C9-406B-AF09-3DB01421F268}"
EndProject
Project("{8BC9CEB8-8B4A-11D0-8D11-00A0C91BC942}") = "day5-2", "day5-2\day5-2.vcxproj", "{418D8A69-C75F-4E96-8BBC-56BBFA51E036}"
EndProject
Project("{8BC9CEB8-8B4A-11D0-8D11-00A0C91BC942}") = "day6-1", "day6-1\day6-1.vcxproj", "{DA9C4DFE-B646-4EE0-BE84-D170EEE1CC9C}"
EndProject
Project("{8BC9CEB8-8B4A-11D0-8D11-00A0C91BC942}") = "day6-2", "day6-2\day6-2.vcxproj", "{D9EA9D20-BCA7-467E-90FC-3F5FC087237F}"
EndProject
Project("{8BC9CEB8-8B4A-11D0-8D11-00A0C91BC942}") = "day7-1", "day7-1\day7-1.vcxproj", "{85505795-DD43-4EA6-96F7-882E69BE3914}"
EndProject
Project("{8BC9CEB8-8B4A-11D0-8D11-00A0C91BC942}") = "day7-2", "day7-2\day7-2.vcxproj", "{BB59F1C7-0891-4921-AFD6-3A8B318A8A08}"
EndProject
Project("{8BC9CEB8-8B4A-11D0-8D11-00A0C91BC942}") = "day8-1", "day8-1\day8-1.vcxproj", "{32273DF4-CCD3-4745-B4D2-FD3F2937D8D1}"
EndProject
Project("{8BC9CEB8-8B4A-11D0-8D11-00A0C91BC942}") = "day8-2", "day8-2\day8-2.vcxproj", "{B0D4BEF3-D192-4E93-9710-059F4FED36A1}"
EndProject
Project("{8BC9CEB8-8B4A-11D0-8D11-00A0C91BC942}") = "day9-1", "day9-1\day9-1.vcxproj", "{67ED634C-5BAE-4F79-9D5E-A222C671F8D8}"
EndProject
Project("{8BC9CEB8-8B4A-11D0-8D11-00A0C91BC942}") = "day9-2", "day9-2\day9-2.vcxproj", "{4217D204-3304-49BD-9144-641E1BB8B76C}"
EndProject
Project("{8BC9CEB8-8B4A-11D0-8D11-00A0C91BC942}") = "day10-1", "day10-1\day10-1.vcxproj", "{D05A8528-CA7A-4AFA-92F1-6F8146B5CAD5}"
EndProject
Project("{8BC9CEB8-8B4A-11D0-8D11-00A0C91BC942}") = "day10-2", "day10-2\day10-2.vcxproj", "{3C2A682A-A62C-4999-B814-C8596522492B}"
EndProject
Project("{8BC9CEB8-8B4A-11D0-8D11-00A0C91BC942}") = "day11-1", "day11-1\day11-1.vcxproj", "{476FFCB9-9946-455C-A962-87195864206A}"
EndProject
Project("{8BC9CEB8-8B4A-11D0-8D11-00A0C91BC942}") = "day11-2", "day11-2\day11-2.vcxproj", "{0927EEB6-4A48-4C00-AAD3-F0D8587F4038}"
EndProject
Project("{8BC9CEB8-8B4A-11D0-8D11-00A0C91BC942}") = "day12-1", "day12-1\day12-1.vcxproj", "{D5CE5BC3-50CC-468C-9084-677EEE2562CB}"
EndProject
Project("{8BC9CEB8-8B4A-11D0-8D11-00A0C91BC942}") = "day12-2", "day12-2\day12-2.vcxproj", "{C84A5A8A-2988-4F9E-9675-2C4CE1DF80F5}"
EndProject
Project("{8BC9CEB8-8B4A-11D0-8D11-00A0C91BC942}") = "day18-1", "day18-1\day18-1.vcxproj", "{0239E5F0-C199-472C-BA2B-660270610CAD}"
EndProject
Global
	GlobalSection(SolutionConfigurationPlatforms) = preSolution
		Debug|x64 = Debug|x64
		Debug|x86 = Debug|x86
		Release|x64 = Release|x64
		Release|x86 = Release|x86
	EndGlobalSection
	GlobalSection(ProjectConfigurationPlatforms) = postSolution
		{242E819D-BEEF-421C-8FEB-BFB3ECF6C655}.Debug|x64.ActiveCfg = Debug|x64
		{242E819D-BEEF-421C-8FEB-BFB3ECF6C655}.Debug|x64.Build.0 = Debug|x64
		{242E819D-BEEF-421C-8FEB-BFB3ECF6C655}.Debug|x86.ActiveCfg = Debug|Win32
		{242E819D-BEEF-421C-8FEB-BFB3ECF6C655}.Debug|x86.Build.0 = Debug|Win32
		{242E819D-BEEF-421C-8FEB-BFB3ECF6C655}.Release|x64.ActiveCfg = Release|x64
		{242E819D-BEEF-421C-8FEB-BFB3ECF6C655}.Release|x64.Build.0 = Release|x64
		{242E819D-BEEF-421C-8FEB-BFB3ECF6C655}.Release|x86.ActiveCfg = Release|Win32
		{242E819D-BEEF-421C-8FEB-BFB3ECF6C655}.Release|x86.Build.0 = Release|Win32
		{8BAD2CB8-033A-4B3F-BDB7-CCE4509DF493}.Debug|x64.ActiveCfg = Debug|x64
		{8BAD2CB8-033A-4B3F-BDB7-CCE4509DF493}.Debug|x64.Build.0 = Debug|x64
		{8BAD2CB8-033A-4B3F-BDB7-CCE4509DF493}.Debug|x86.ActiveCfg = Debug|Win32
		{8BAD2CB8-033A-4B3F-BDB7-CCE4509DF493}.Debug|x86.Build.0 = Debug|Win32
		{8BAD2CB8-033A-4B3F-BDB7-CCE4509DF493}.Release|x64.ActiveCfg = Release|x64
		{8BAD2CB8-033A-4B3F-BDB7-CCE4509DF493}.Release|x64.Build.0 = Release|x64
		{8BAD2CB8-033A-4B3F-BDB7-CCE4509DF493}.Release|x86.ActiveCfg = Release|Win32
		{8BAD2CB8-033A-4B3F-BDB7-CCE4509DF493}.Release|x86.Build.0 = Release|Win32
		{D5EDAF2F-FC8E-4C95-81D0-3FC90379591D}.Debug|x64.ActiveCfg = Debug|x64
		{D5EDAF2F-FC8E-4C95-81D0-3FC90379591D}.Debug|x64.Build.0 = Debug|x64
		{D5EDAF2F-FC8E-4C95-81D0-3FC90379591D}.Debug|x86.ActiveCfg = Debug|Win32
		{D5EDAF2F-FC8E-4C95-81D0-3FC90379591D}.Debug|x86.Build.0 = Debug|Win32
		{D5EDAF2F-FC8E-4C95-81D0-3FC90379591D}.Release|x64.ActiveCfg = Release|x64
		{D5EDAF2F-FC8E-4C95-81D0-3FC90379591D}.Release|x64.Build.0 = Release|x64
		{D5EDAF2F-FC8E-4C95-81D0-3FC90379591D}.Release|x86.ActiveCfg = Release|Win32
		{D5EDAF2F-FC8E-4C95-81D0-3FC90379591D}.Release|x86.Build.0 = Release|Win32
		{53690215-DE4C-411F-987D-3DF253E274C7}.Debug|x64.ActiveCfg = Debug|x64
		{53690215-DE4C-411F-987D-3DF253E274C7}.Debug|x64.Build.0 = Debug|x64
		{53690215-DE4C-411F-987D-3DF253E274C7}.Debug|x86.ActiveCfg = Debug|Win32
		{53690215-DE4C-411F-987D-3DF253E274C7}.Debug|x86.Build.0 = Debug|Win32
		{53690215-DE4C-411F-987D-3DF253E274C7}.Release|x64.ActiveCfg = Release|x64
		{53690215-DE4C-411F-987D-3DF253E274C7}.Release|x64.Build.0 = Release|x64
		{53690215-DE4C-411F-987D-3DF253E274C7}.Release|x86.ActiveCfg = Release|Win32
		{53690215-DE4C-411F-987D-3DF253E274C7}.Release|x86.Build.0 = Release|Win32
		{6ABB321A-26DD-422F-A164-268AB42773FC}.Debug|x64.ActiveCfg = Debug|x64
		{6ABB321A-26DD-422F-A164-268AB42773FC}.Debug|x64.Build.0 = Debug|x64
		{6ABB321A-26DD-422F-A164-268AB42773FC}.Debug|x86.ActiveCfg = Debug|Win32
		{6ABB321A-26DD-422F-A164-268AB42773FC}.Debug|x86.Build.0 = Debug|Win32
		{6ABB321A-26DD-422F-A164-268AB42773FC}.Release|x64.ActiveCfg = Release|x64
		{6ABB321A-26DD-422F-A164-268AB42773FC}.Release|x64.Build.0 = Release|x64
		{6ABB321A-26DD-422F-A164-268AB42773FC}.Release|x86.ActiveCfg = Release|Win32
		{6ABB321A-26DD-422F-A164-268AB42773FC}.Release|x86.Build.0 = Release|Win32
		{57C057F3-F649-4CDB-B684-E6863252635C}.Debug|x64.ActiveCfg = Debug|x64
		{57C057F3-F649-4CDB-B684-E6863252635C}.Debug|x64.Build.0 = Debug|x64
		{57C057F3-F649-4CDB-B684-E6863252635C}.Debug|x86.ActiveCfg = Debug|Win32
		{57C057F3-F649-4CDB-B684-E6863252635C}.Debug|x86.Build.0 = Debug|Win32
		{57C057F3-F649-4CDB-B684-E6863252635C}.Release|x64.ActiveCfg = Release|x64
		{57C057F3-F649-4CDB-B684-E6863252635C}.Release|x64.Build.0 = Release|x64
		{57C057F3-F649-4CDB-B684-E6863252635C}.Release|x86.ActiveCfg = Release|Win32
		{57C057F3-F649-4CDB-B684-E6863252635C}.Release|x86.Build.0 = Release|Win32
		{E0FAC91B-D5AC-456E-B2E8-7FEED4779FB9}.Debug|x64.ActiveCfg = Debug|x64
		{E0FAC91B-D5AC-456E-B2E8-7FEED4779FB9}.Debug|x64.Build.0 = Debug|x64
		{E0FAC91B-D5AC-456E-B2E8-7FEED4779FB9}.Debug|x86.ActiveCfg = Debug|Win32
		{E0FAC91B-D5AC-456E-B2E8-7FEED4779FB9}.Debug|x86.Build.0 = Debug|Win32
		{E0FAC91B-D5AC-456E-B2E8-7FEED4779FB9}.Release|x64.ActiveCfg = Release|x64
		{E0FAC91B-D5AC-456E-B2E8-7FEED4779FB9}.Release|x64.Build.0 = Release|x64
		{E0FAC91B-D5AC-456E-B2E8-7FEED4779FB9}.Release|x86.ActiveCfg = Release|Win32
		{E0FAC91B-D5AC-456E-B2E8-7FEED4779FB9}.Release|x86.Build.0 = Release|Win32
		{277E3A90-565D-4D1E-AE79-C56E1A638DA5}.Debug|x64.ActiveCfg = Debug|x64
		{277E3A90-565D-4D1E-AE79-C56E1A638DA5}.Debug|x64.Build.0 = Debug|x64
		{277E3A90-565D-4D1E-AE79-C56E1A638DA5}.Debug|x86.ActiveCfg = Debug|Win32
		{277E3A90-565D-4D1E-AE79-C56E1A638DA5}.Debug|x86.Build.0 = Debug|Win32
		{277E3A90-565D-4D1E-AE79-C56E1A638DA5}.Release|x64.ActiveCfg = Release|x64
		{277E3A90-565D-4D1E-AE79-C56E1A638DA5}.Release|x64.Build.0 = Release|x64
		{277E3A90-565D-4D1E-AE79-C56E1A638DA5}.Release|x86.ActiveCfg = Release|Win32
		{277E3A90-565D-4D1E-AE79-C56E1A638DA5}.Release|x86.Build.0 = Release|Win32
		{400D3D61-89C9-406B-AF09-3DB01421F268}.Debug|x64.ActiveCfg = Debug|x64
		{400D3D61-89C9-406B-AF09-3DB01421F268}.Debug|x64.Build.0 = Debug|x64
		{400D3D61-89C9-406B-AF09-3DB01421F268}.Debug|x86.ActiveCfg = Debug|Win32
		{400D3D61-89C9-406B-AF09-3DB01421F268}.Debug|x86.Build.0 = Debug|Win32
		{400D3D61-89C9-406B-AF09-3DB01421F268}.Release|x64.ActiveCfg = Release|x64
		{400D3D61-89C9-406B-AF09-3DB01421F268}.Release|x64.Build.0 = Release|x64
		{400D3D61-89C9-406B-AF09-3DB01421F268}.Release|x86.ActiveCfg = Release|Win32
		{400D3D61-89C9-406B-AF09-3DB01421F268}.Release|x86.Build.0 = Release|Win32
		{418D8A69-C75F-4E96-8BBC-56BBFA51E036}.Debug|x64.ActiveCfg = Debug|x64
		{418D8A69-C75F-4E96-8BBC-56BBFA51E036}.Debug|x64.Build.0 = Debug|x64
		{418D8A69-C75F-4E96-8BBC-56BBFA51E036}.Debug|x86.ActiveCfg = Debug|Win32
		{418D8A69-C75F-4E96-8BBC-56BBFA51E036}.Debug|x86.Build.0 = Debug|Win32
		{418D8A69-C75F-4E96-8BBC-56BBFA51E036}.Release|x64.ActiveCfg = Release|x64
		{418D8A69-C75F-4E96-8BBC-56BBFA51E036}.Release|x64.Build.0 = Release|x64
		{418D8A69-C75F-4E96-8BBC-56BBFA51E036}.Release|x86.ActiveCfg = Release|Win32
		{418D8A69-C75F-4E96-8BBC-56BBFA51E036}.Release|x86.Build.0 = Release|Win32
		{DA9C4DFE-B646-4EE0-BE84-D170EEE1CC9C}.Debug|x64.ActiveCfg = Debug|x64
		{DA9C4DFE-B646-4EE0-BE84-D170EEE1CC9C}.Debug|x64.Build.0 = Debug|x64
		{DA9C4DFE-B646-4EE0-BE84-D170EEE1CC9C}.Debug|x86.ActiveCfg = Debug|Win32
		{DA9C4DFE-B646-4EE0-BE84-D170EEE1CC9C}.Debug|x86.Build.0 = Debug|Win32
		{DA9C4DFE-B646-4EE0-BE84-D170EEE1CC9C}.Release|x64.ActiveCfg = Release|x64
		{DA9C4DFE-B646-4EE0-BE84-D170EEE1CC9C}.Release|x64.Build.0 = Release|x64
		{DA9C4DFE-B646-4EE0-BE84-D170EEE1CC9C}.Release|x86.ActiveCfg = Release|Win32
		{DA9C4DFE-B646-4EE0-BE84-D170EEE1CC9C}.Release|x86.Build.0 = Release|Win32
		{D9EA9D20-BCA7-467E-90FC-3F5FC087237F}.Debug|x64.ActiveCfg = Debug|x64
		{D9EA9D20-BCA7-467E-90FC-3F5FC087237F}.Debug|x64.Build.0 = Debug|x64
		{D9EA9D20-BCA7-467E-90FC-3F5FC087237F}.Debug|x86.ActiveCfg = Debug|Win32
		{D9EA9D20-BCA7-467E-90FC-3F5FC087237F}.Debug|x86.Build.0 = Debug|Win32
		{D9EA9D20-BCA7-467E-90FC-3F5FC087237F}.Release|x64.ActiveCfg = Release|x64
		{D9EA9D20-BCA7-467E-90FC-3F5FC087237F}.Release|x64.Build.0 = Release|x64
		{D9EA9D20-BCA7-467E-90FC-3F5FC087237F}.Release|x86.ActiveCfg = Release|Win32
		{D9EA9D20-BCA7-467E-90FC-3F5FC087237F}.Release|x86.Build.0 = Release|Win32
		{85505795-DD43-4EA6-96F7-882E69BE3914}.Debug|x64.ActiveCfg = Debug|x64
		{85505795-DD43-4EA6-96F7-882E69BE3914}.Debug|x64.Build.0 = Debug|x64
		{85505795-DD43-4EA6-96F7-882E69BE3914}.Debug|x86.ActiveCfg = Debug|Win32
		{85505795-DD43-4EA6-96F7-882E69BE3914}.Debug|x86.Build.0 = Debug|Win32
		{85505795-DD43-4EA6-96F7-882E69BE3914}.Release|x64.ActiveCfg = Release|x64
		{85505795-DD43-4EA6-96F7-882E69BE3914}.Release|x64.Build.0 = Release|x64
		{85505795-DD43-4EA6-96F7-882E69BE3914}.Release|x86.ActiveCfg = Release|Win32
		{85505795-DD43-4EA6-96F7-882E69BE3914}.Release|x86.Build.0 = Release|Win32
		{BB59F1C7-0891-4921-AFD6-3A8B318A8A08}.Debug|x64.ActiveCfg = Debug|x64
		{BB59F1C7-0891-4921-AFD6-3A8B318A8A08}.Debug|x64.Build.0 = Debug|x64
		{BB59F1C7-0891-4921-AFD6-3A8B318A8A08}.Debug|x86.ActiveCfg = Debug|Win32
		{BB59F1C7-0891-4921-AFD6-3A8B318A8A08}.Debug|x86.Build.0 = Debug|Win32
		{BB59F1C7-0891-4921-AFD6-3A8B318A8A08}.Release|x64.ActiveCfg = Release|x64
		{BB59F1C7-0891-4921-AFD6-3A8B318A8A08}.Release|x64.Build.0 = Release|x64
		{BB59F1C7-0891-4921-AFD6-3A8B318A8A08}.Release|x86.ActiveCfg = Release|Win32
		{BB59F1C7-0891-4921-AFD6-3A8B318A8A08}.Release|x86.Build.0 = Release|Win32
		{32273DF4-CCD3-4745-B4D2-FD3F2937D8D1}.Debug|x64.ActiveCfg = Debug|x64
		{32273DF4-CCD3-4745-B4D2-FD3F2937D8D1}.Debug|x64.Build.0 = Debug|x64
		{32273DF4-CCD3-4745-B4D2-FD3F2937D8D1}.Debug|x86.ActiveCfg = Debug|Win32
		{32273DF4-CCD3-4745-B4D2-FD3F2937D8D1}.Debug|x86.Build.0 = Debug|Win32
		{32273DF4-CCD3-4745-B4D2-FD3F2937D8D1}.Release|x64.ActiveCfg = Release|x64
		{32273DF4-CCD3-4745-B4D2-FD3F2937D8D1}.Release|x64.Build.0 = Release|x64
		{32273DF4-CCD3-4745-B4D2-FD3F2937D8D1}.Release|x86.ActiveCfg = Release|Win32
		{32273DF4-CCD3-4745-B4D2-FD3F2937D8D1}.Release|x86.Build.0 = Release|Win32
		{B0D4BEF3-D192-4E93-9710-059F4FED36A1}.Debug|x64.ActiveCfg = Debug|x64
		{B0D4BEF3-D192-4E93-9710-059F4FED36A1}.Debug|x64.Build.0 = Debug|x64
		{B0D4BEF3-D192-4E93-9710-059F4FED36A1}.Debug|x86.ActiveCfg = Debug|Win32
		{B0D4BEF3-D192-4E93-9710-059F4FED36A1}.Debug|x86.Build.0 = Debug|Win32
		{B0D4BEF3-D192-4E93-9710-059F4FED36A1}.Release|x64.ActiveCfg = Release|x64
		{B0D4BEF3-D192-4E93-9710-059F4FED36A1}.Release|x64.Build.0 = Release|x64
		{B0D4BEF3-D192-4E93-9710-059F4FED36A1}.Release|x86.ActiveCfg = Release|Win32
		{B0D4BEF3-D192-4E93-9710-059F4FED36A1}.Release|x86.Build.0 = Release|Win32
		{67ED634C-5BAE-4F79-9D5E-A222C671F8D8}.Debug|x64.ActiveCfg = Debug|x64
		{67ED634C-5BAE-4F79-9D5E-A222C671F8D8}.Debug|x64.Build.0 = Debug|x64
		{67ED634C-5BAE-4F79-9D5E-A222C671F8D8}.Debug|x86.ActiveCfg = Debug|Win32
		{67ED634C-5BAE-4F79-9D5E-A222C671F8D8}.Debug|x86.Build.0 = Debug|Win32
		{67ED634C-5BAE-4F79-9D5E-A222C671F8D8}.Release|x64.ActiveCfg = Release|x64
		{67ED634C-5BAE-4F79-9D5E-A222C671F8D8}.Release|x64.Build.0 = Release|x64
		{67ED634C-5BAE-4F79-9D5E-A222C671F8D8}.Release|x86.ActiveCfg = Release|Win32
		{67ED634C-5BAE-4F79-9D5E-A222C671F8D8}.Release|x86.Build.0 = Release|Win32
		{4217D204-3304-49BD-9144-641E1BB8B76C}.Debug|x64.ActiveCfg = Debug|x64
		{4217D204-3304-49BD-9144-641E1BB8B76C}.Debug|x64.Build.0 = Debug|x64
		{4217D204-3304-49BD-9144-641E1BB8B76C}.Debug|x86.ActiveCfg = Debug|Win32
		{4217D204-3304-49BD-9144-641E1BB8B76C}.Debug|x86.Build.0 = Debug|Win32
		{4217D204-3304-49BD-9144-641E1BB8B76C}.Release|x64.ActiveCfg = Release|x64
		{4217D204-3304-49BD-9144-641E1BB8B76C}.Release|x64.Build.0 = Release|x64
		{4217D204-3304-49BD-9144-641E1BB8B76C}.Release|x86.ActiveCfg = Release|Win32
		{4217D204-3304-49BD-9144-641E1BB8B76C}.Release|x86.Build.0 = Release|Win32
		{D05A8528-CA7A-4AFA-92F1-6F8146B5CAD5}.Debug|x64.ActiveCfg = Debug|x64
		{D05A8528-CA7A-4AFA-92F1-6F8146B5CAD5}.Debug|x64.Build.0 = Debug|x64
		{D05A8528-CA7A-4AFA-92F1-6F8146B5CAD5}.Debug|x86.ActiveCfg = Debug|Win32
		{D05A8528-CA7A-4AFA-92F1-6F8146B5CAD5}.Debug|x86.Build.0 = Debug|Win32
		{D05A8528-CA7A-4AFA-92F1-6F8146B5CAD5}.Release|x64.ActiveCfg = Release|x64
		{D05A8528-CA7A-4AFA-92F1-6F8146B5CAD5}.Release|x64.Build.0 = Release|x64
		{D05A8528-CA7A-4AFA-92F1-6F8146B5CAD5}.Release|x86.ActiveCfg = Release|Win32
		{D05A8528-CA7A-4AFA-92F1-6F8146B5CAD5}.Release|x86.Build.0 = Release|Win32
		{3C2A682A-A62C-4999-B814-C8596522492B}.Debug|x64.ActiveCfg = Debug|x64
		{3C2A682A-A62C-4999-B814-C8596522492B}.Debug|x64.Build.0 = Debug|x64
		{3C2A682A-A62C-4999-B814-C8596522492B}.Debug|x86.ActiveCfg = Debug|Win32
		{3C2A682A-A62C-4999-B814-C8596522492B}.Debug|x86.Build.0 = Debug|Win32
		{3C2A682A-A62C-4999-B814-C8596522492B}.Release|x64.ActiveCfg = Release|x64
		{3C2A682A-A62C-4999-B814-C8596522492B}.Release|x64.Build.0 = Release|x64
		{3C2A682A-A62C-4999-B814-C8596522492B}.Release|x86.ActiveCfg = Release|Win32
		{3C2A682A-A62C-4999-B814-C8596522492B}.Release|x86.Build.0 = Release|Win32
		{476FFCB9-9946-455C-A962-87195864206A}.Debug|x64.ActiveCfg = Debug|x64
		{476FFCB9-9946-455C-A962-87195864206A}.Debug|x64.Build.0 = Debug|x64
		{476FFCB9-9946-455C-A962-87195864206A}.Debug|x86.ActiveCfg = Debug|Win32
		{476FFCB9-9946-455C-A962-87195864206A}.Debug|x86.Build.0 = Debug|Win32
		{476FFCB9-9946-455C-A962-87195864206A}.Release|x64.ActiveCfg = Release|x64
		{476FFCB9-9946-455C-A962-87195864206A}.Release|x64.Build.0 = Release|x64
		{476FFCB9-9946-455C-A962-87195864206A}.Release|x86.ActiveCfg = Release|Win32
		{476FFCB9-9946-455C-A962-87195864206A}.Release|x86.Build.0 = Release|Win32
		{0927EEB6-4A48-4C00-AAD3-F0D8587F4038}.Debug|x64.ActiveCfg = Debug|x64
		{0927EEB6-4A48-4C00-AAD3-F0D8587F4038}.Debug|x64.Build.0 = Debug|x64
		{0927EEB6-4A48-4C00-AAD3-F0D8587F4038}.Debug|x86.ActiveCfg = Debug|Win32
		{0927EEB6-4A48-4C00-AAD3-F0D8587F4038}.Debug|x86.Build.0 = Debug|Win32
		{0927EEB6-4A48-4C00-AAD3-F0D8587F4038}.Release|x64.ActiveCfg = Release|x64
		{0927EEB6-4A48-4C00-AAD3-F0D8587F4038}.Release|x64.Build.0 = Release|x64
		{0927EEB6-4A48-4C00-AAD3-F0D8587F4038}.Release|x86.ActiveCfg = Release|Win32
		{0927EEB6-4A48-4C00-AAD3-F0D8587F4038}.Release|x86.Build.0 = Release|Win32
		{D5CE5BC3-50CC-468C-9084-677EEE2562CB}.Debug|x64.ActiveCfg = Debug|x64
		{D5CE5BC3-50CC-468C-9084-677EEE2562CB}.Debug|x64.Build.0 = Debug|x64
		{D5CE5BC3-50CC-468C-9084-677EEE2562CB}.Debug|x86.ActiveCfg = Debug|Win32
		{D5CE5BC3-50CC-468C-9084-677EEE2562CB}.Debug|x86.Build.0 = Debug|Win32
		{D5CE5BC3-50CC-468C-9084-677EEE2562CB}.Release|x64.ActiveCfg = Release|x64
		{D5CE5BC3-50CC-468C-9084-677EEE2562CB}.Release|x64.Build.0 = Release|x64
		{D5CE5BC3-50CC-468C-9084-677EEE2562CB}.Release|x86.ActiveCfg = Release|Win32
		{D5CE5BC3-50CC-468C-9084-677EEE2562CB}.Release|x86.Build.0 = Release|Win32
		{C84A5A8A-2988-4F9E-9675-2C4CE1DF80F5}.Debug|x64.ActiveCfg = Debug|x64
		{C84A5A8A-2988-4F9E-9675-2C4CE1DF80F5}.Debug|x64.Build.0 = Debug|x64
		{C84A5A8A-2988-4F9E-9675-2C4CE1DF80F5}.Debug|x86.ActiveCfg = Debug|Win32
		{C84A5A8A-2988-4F9E-9675-2C4CE1DF80F5}.Debug|x86.Build.0 = Debug|Win32
		{C84A5A8A-2988-4F9E-9675-2C4CE1DF80F5}.Release|x64.ActiveCfg = Release|x64
		{C84A5A8A-2988-4F9E-9675-2C4CE1DF80F5}.Release|x64.Build.0 = Release|x64
		{C84A5A8A-2988-4F9E-9675-2C4CE1DF80F5}.Release|x86.ActiveCfg = Release|Win32
		{C84A5A8A-2988-4F9E-9675-2C4CE1DF80F5}.Release|x86.Build.0 = Release|Win32
		{0239E5F0-C199-472C-BA2B-660270610CAD}.Debug|x64.ActiveCfg = Debug|x64
		{0239E5F0-C199-472C-BA2B-660270610CAD}.Debug|x64.Build.0 = Debug|x64
		{0239E5F0-C199-472C-BA2B-660270610CAD}.Debug|x86.ActiveCfg = Debug|Win32
		{0239E5F0-C199-472C-BA2B-660270610CAD}.Debug|x86.Build.0 = Debug|Win32
		{0239E5F0-C199-472C-BA2B-660270610CAD}.Release|x64.ActiveCfg = Release|x64
		{0239E5F0-C199-472C-BA2B-660270610CAD}.Release|x64.Build.0 = Release|x64
		{0239E5F0-C199-472C-BA2B-660270610CAD}.Release|x86.ActiveCfg = Release|Win32
		{0239E5F0-C199-472C-BA2B-660270610CAD}.Release|x86.Build.0 = Release|Win32
	EndGlobalSection
	GlobalSection(SolutionProperties) = preSolution
		HideSolutionNode = FALSE
	EndGlobalSection
	GlobalSection(ExtensibilityGlobals) = postSolution
		SolutionGuid = {72A04861-347C-4F01-99CA-32CA9ABB82E3}
	EndGlobalSection
EndGlobal
